
Microsoft Visual Studio Solution File, Format Version 12.00
# Visual Studio Version 16
VisualStudioVersion = 16.0.31005.135
MinimumVisualStudioVersion = 10.0.40219.1
Project("{9A19103F-16F7-4668-BE54-9A1E7A4F7556}") = "NegoduxAPI", "NegoduxAPI\NegoduxAPI.csproj", "{5540B8BD-11D4-4E59-95E8-619B832DEF6D}"
EndProject
Project("{6EC3EE1D-3C4E-46DD-8F32-0CC8E7565705}") = "NegosudWeb", "NegosudWeb\NegosudWeb.fsproj", "{08D52D64-52E2-49D4-9D33-D5F5A5EF2162}"
EndProject
Project("{FAE04EC0-301F-11D3-BF4B-00C04F79EFBC}") = "Negosud Plateforme", "..\Negosud Plateforme\Negosud Plateforme\Negosud Plateforme.csproj", "{6418F798-6195-4F31-A740-486983951976}"
EndProject
Global
	GlobalSection(SolutionConfigurationPlatforms) = preSolution
		Debug|Any CPU = Debug|Any CPU
		Release|Any CPU = Release|Any CPU
	EndGlobalSection
	GlobalSection(ProjectConfigurationPlatforms) = postSolution
		{5540B8BD-11D4-4E59-95E8-619B832DEF6D}.Debug|Any CPU.ActiveCfg = Debug|Any CPU
		{5540B8BD-11D4-4E59-95E8-619B832DEF6D}.Debug|Any CPU.Build.0 = Debug|Any CPU
		{5540B8BD-11D4-4E59-95E8-619B832DEF6D}.Release|Any CPU.ActiveCfg = Release|Any CPU
		{5540B8BD-11D4-4E59-95E8-619B832DEF6D}.Release|Any CPU.Build.0 = Release|Any CPU
		{08D52D64-52E2-49D4-9D33-D5F5A5EF2162}.Debug|Any CPU.ActiveCfg = Debug|Any CPU
		{08D52D64-52E2-49D4-9D33-D5F5A5EF2162}.Debug|Any CPU.Build.0 = Debug|Any CPU
		{08D52D64-52E2-49D4-9D33-D5F5A5EF2162}.Release|Any CPU.ActiveCfg = Release|Any CPU
		{08D52D64-52E2-49D4-9D33-D5F5A5EF2162}.Release|Any CPU.Build.0 = Release|Any CPU
		{6418F798-6195-4F31-A740-486983951976}.Debug|Any CPU.ActiveCfg = Debug|Any CPU
		{6418F798-6195-4F31-A740-486983951976}.Debug|Any CPU.Build.0 = Debug|Any CPU
		{6418F798-6195-4F31-A740-486983951976}.Release|Any CPU.ActiveCfg = Release|Any CPU
		{6418F798-6195-4F31-A740-486983951976}.Release|Any CPU.Build.0 = Release|Any CPU
	EndGlobalSection
	GlobalSection(SolutionProperties) = preSolution
		HideSolutionNode = FALSE
	EndGlobalSection
	GlobalSection(ExtensibilityGlobals) = postSolution
		SolutionGuid = {70544164-B7F8-4401-9DC8-E637A4C8C877}
	EndGlobalSection
EndGlobal
